
Microsoft Visual Studio Solution File, Format Version 12.00
# Visual Studio Version 17
VisualStudioVersion = 17.11.35303.130
MinimumVisualStudioVersion = 10.0.40219.1
Project("{2150E333-8FDC-42A3-9474-1A3956D46DE8}") = "Task0", "Task0", "{173F0F11-A7B1-4C8E-B00F-C59E3779145D}"
EndProject
Project("{9A19103F-16F7-4668-BE54-9A1E7A4F7556}") = "Tyuiu.GulienkoPO.Sprint5.Task0.V13", "Tyuiu.GulienkoPO.Sprint5.Task0.V13\Tyuiu.GulienkoPO.Sprint5.Task0.V13.csproj", "{DD11E9B5-2937-4224-8C83-80CDC02393BC}"
EndProject
Project("{9A19103F-16F7-4668-BE54-9A1E7A4F7556}") = "Tyuiu.GulienkoPO.Sprint5.Task0.V13.Lib", "Tyuiu.GulienkoPO.Sprint5.Task0.V13.Lib\Tyuiu.GulienkoPO.Sprint5.Task0.V13.Lib.csproj", "{EAA4C52B-A0FC-47A3-AD88-17151025C007}"
EndProject
Project("{9A19103F-16F7-4668-BE54-9A1E7A4F7556}") = "Tyuiu.GulienkoPO.Sprint5.Task0.V13.Test", "Tyuiu.GulienkoPO.Sprint5.Task0.V13.Test\Tyuiu.GulienkoPO.Sprint5.Task0.V13.Test.csproj", "{746187F8-A077-467F-A9F0-58B9114D8A4E}"
EndProject
Project("{2150E333-8FDC-42A3-9474-1A3956D46DE8}") = "Task1", "Task1", "{5DC4891E-65A2-4203-9597-F40A4BAF63A8}"
EndProject
Project("{9A19103F-16F7-4668-BE54-9A1E7A4F7556}") = "Tyuiu.GulienkoPO.Sprint5.Task1.V26.Lib", "Tyuiu.GulienkoPO.Sprint5.Task1.V26.Lib\Tyuiu.GulienkoPO.Sprint5.Task1.V26.Lib.csproj", "{2768D827-B3FA-448B-BE4B-5164A0AE99A1}"
EndProject
Project("{9A19103F-16F7-4668-BE54-9A1E7A4F7556}") = "Tyuiu.GulienkoPO.Sprint5.Task1.V26", "Tyuiu.GulienkoPO.Sprint5.Task1.V26\Tyuiu.GulienkoPO.Sprint5.Task1.V26.csproj", "{0B02C189-DAF5-426D-94C2-3FDCE76394D0}"
EndProject
Project("{9A19103F-16F7-4668-BE54-9A1E7A4F7556}") = "Tyuiu.GulienkoPO.Sprint5.Task1.V26.Test", "Tyuiu.GulienkoPO.Sprint5.Task1.V26.Test\Tyuiu.GulienkoPO.Sprint5.Task1.V26.Test.csproj", "{B11802B3-36CA-40A0-BAA5-10D2876A6C9A}"
EndProject
Project("{2150E333-8FDC-42A3-9474-1A3956D46DE8}") = "Task2", "Task2", "{5B52D8AB-7B3C-4494-98F5-45599F21B843}"
EndProject
Project("{FAE04EC0-301F-11D3-BF4B-00C04F79EFBC}") = "Tyuiu.GulienkoPO.Sprint5.Task2.V24.Lib", "Tyuiu.GulienkoPO.Sprint5.Task2.V24.Lib\Tyuiu.GulienkoPO.Sprint5.Task2.V24.Lib.csproj", "{DDCAAF36-DD71-47E2-B86C-FB1CAC4DD62B}"
EndProject
Project("{FAE04EC0-301F-11D3-BF4B-00C04F79EFBC}") = "Tyuiu.GulienkoPO.Sprint5.Task2.V24", "Tyuiu.GulienkoPO.Sprint5.Task2.V24\Tyuiu.GulienkoPO.Sprint5.Task2.V24.csproj", "{DD4911A3-DADC-4179-B2C4-21A44EDE2EF1}"
EndProject
Project("{FAE04EC0-301F-11D3-BF4B-00C04F79EFBC}") = "Tyuiu.GulienkoPO.Sprint5.Task2.V24.Test", "Tyuiu.GulienkoPO.Sprint5.Task2.V24.Test\Tyuiu.GulienkoPO.Sprint5.Task2.V24.Test.csproj", "{D81DDA66-1E8B-49BA-882A-2C2D5A6AF2D2}"
EndProject
Project("{2150E333-8FDC-42A3-9474-1A3956D46DE8}") = "Task3", "Task3", "{9EEA8738-BF61-4C08-BC0C-4527E2F59F2B}"
EndProject
Project("{FAE04EC0-301F-11D3-BF4B-00C04F79EFBC}") = "Tyuiu.GulienkoPO.Sprint5.Task3.V14", "Tyuiu.GulienkoPO.Sprint5.Task3.V14\Tyuiu.GulienkoPO.Sprint5.Task3.V14.csproj", "{B079A980-6BB9-438F-B80A-CD8A93E93832}"
EndProject
Project("{FAE04EC0-301F-11D3-BF4B-00C04F79EFBC}") = "Tyuiu.GulienkoPO.Sprint5.Task3.V14.Lib", "Tyuiu.GulienkoPO.Sprint5.Task3.V14.Lib\Tyuiu.GulienkoPO.Sprint5.Task3.V14.Lib.csproj", "{31F45EB6-DF96-40EB-8C99-CFB63FF2BA0C}"
EndProject
Project("{FAE04EC0-301F-11D3-BF4B-00C04F79EFBC}") = "Tyuiu.GulienkoPO.Sprint5.Task3.V14.Test", "Tyuiu.GulienkoPO.Sprint5.Task3.V14.Test\Tyuiu.GulienkoPO.Sprint5.Task3.V14.Test.csproj", "{13824992-5F61-4C23-9E76-63C6CA6DB4A5}"
EndProject
Global
	GlobalSection(SolutionConfigurationPlatforms) = preSolution
		Debug|Any CPU = Debug|Any CPU
		Release|Any CPU = Release|Any CPU
	EndGlobalSection
	GlobalSection(ProjectConfigurationPlatforms) = postSolution
		{DD11E9B5-2937-4224-8C83-80CDC02393BC}.Debug|Any CPU.ActiveCfg = Debug|Any CPU
		{DD11E9B5-2937-4224-8C83-80CDC02393BC}.Debug|Any CPU.Build.0 = Debug|Any CPU
		{DD11E9B5-2937-4224-8C83-80CDC02393BC}.Release|Any CPU.ActiveCfg = Release|Any CPU
		{DD11E9B5-2937-4224-8C83-80CDC02393BC}.Release|Any CPU.Build.0 = Release|Any CPU
		{EAA4C52B-A0FC-47A3-AD88-17151025C007}.Debug|Any CPU.ActiveCfg = Debug|Any CPU
		{EAA4C52B-A0FC-47A3-AD88-17151025C007}.Debug|Any CPU.Build.0 = Debug|Any CPU
		{EAA4C52B-A0FC-47A3-AD88-17151025C007}.Release|Any CPU.ActiveCfg = Release|Any CPU
		{EAA4C52B-A0FC-47A3-AD88-17151025C007}.Release|Any CPU.Build.0 = Release|Any CPU
		{746187F8-A077-467F-A9F0-58B9114D8A4E}.Debug|Any CPU.ActiveCfg = Debug|Any CPU
		{746187F8-A077-467F-A9F0-58B9114D8A4E}.Debug|Any CPU.Build.0 = Debug|Any CPU
		{746187F8-A077-467F-A9F0-58B9114D8A4E}.Release|Any CPU.ActiveCfg = Release|Any CPU
		{746187F8-A077-467F-A9F0-58B9114D8A4E}.Release|Any CPU.Build.0 = Release|Any CPU
		{2768D827-B3FA-448B-BE4B-5164A0AE99A1}.Debug|Any CPU.ActiveCfg = Debug|Any CPU
		{2768D827-B3FA-448B-BE4B-5164A0AE99A1}.Debug|Any CPU.Build.0 = Debug|Any CPU
		{2768D827-B3FA-448B-BE4B-5164A0AE99A1}.Release|Any CPU.ActiveCfg = Release|Any CPU
		{2768D827-B3FA-448B-BE4B-5164A0AE99A1}.Release|Any CPU.Build.0 = Release|Any CPU
		{0B02C189-DAF5-426D-94C2-3FDCE76394D0}.Debug|Any CPU.ActiveCfg = Debug|Any CPU
		{0B02C189-DAF5-426D-94C2-3FDCE76394D0}.Debug|Any CPU.Build.0 = Debug|Any CPU
		{0B02C189-DAF5-426D-94C2-3FDCE76394D0}.Release|Any CPU.ActiveCfg = Release|Any CPU
		{0B02C189-DAF5-426D-94C2-3FDCE76394D0}.Release|Any CPU.Build.0 = Release|Any CPU
		{B11802B3-36CA-40A0-BAA5-10D2876A6C9A}.Debug|Any CPU.ActiveCfg = Debug|Any CPU
		{B11802B3-36CA-40A0-BAA5-10D2876A6C9A}.Debug|Any CPU.Build.0 = Debug|Any CPU
		{B11802B3-36CA-40A0-BAA5-10D2876A6C9A}.Release|Any CPU.ActiveCfg = Release|Any CPU
		{B11802B3-36CA-40A0-BAA5-10D2876A6C9A}.Release|Any CPU.Build.0 = Release|Any CPU
		{DDCAAF36-DD71-47E2-B86C-FB1CAC4DD62B}.Debug|Any CPU.ActiveCfg = Debug|Any CPU
		{DDCAAF36-DD71-47E2-B86C-FB1CAC4DD62B}.Debug|Any CPU.Build.0 = Debug|Any CPU
		{DDCAAF36-DD71-47E2-B86C-FB1CAC4DD62B}.Release|Any CPU.ActiveCfg = Release|Any CPU
		{DDCAAF36-DD71-47E2-B86C-FB1CAC4DD62B}.Release|Any CPU.Build.0 = Release|Any CPU
		{DD4911A3-DADC-4179-B2C4-21A44EDE2EF1}.Debug|Any CPU.ActiveCfg = Debug|Any CPU
		{DD4911A3-DADC-4179-B2C4-21A44EDE2EF1}.Debug|Any CPU.Build.0 = Debug|Any CPU
		{DD4911A3-DADC-4179-B2C4-21A44EDE2EF1}.Release|Any CPU.ActiveCfg = Release|Any CPU
		{DD4911A3-DADC-4179-B2C4-21A44EDE2EF1}.Release|Any CPU.Build.0 = Release|Any CPU
		{D81DDA66-1E8B-49BA-882A-2C2D5A6AF2D2}.Debug|Any CPU.ActiveCfg = Debug|Any CPU
		{D81DDA66-1E8B-49BA-882A-2C2D5A6AF2D2}.Debug|Any CPU.Build.0 = Debug|Any CPU
		{D81DDA66-1E8B-49BA-882A-2C2D5A6AF2D2}.Release|Any CPU.ActiveCfg = Release|Any CPU
		{D81DDA66-1E8B-49BA-882A-2C2D5A6AF2D2}.Release|Any CPU.Build.0 = Release|Any CPU
		{B079A980-6BB9-438F-B80A-CD8A93E93832}.Debug|Any CPU.ActiveCfg = Debug|Any CPU
		{B079A980-6BB9-438F-B80A-CD8A93E93832}.Debug|Any CPU.Build.0 = Debug|Any CPU
		{B079A980-6BB9-438F-B80A-CD8A93E93832}.Release|Any CPU.ActiveCfg = Release|Any CPU
		{B079A980-6BB9-438F-B80A-CD8A93E93832}.Release|Any CPU.Build.0 = Release|Any CPU
		{31F45EB6-DF96-40EB-8C99-CFB63FF2BA0C}.Debug|Any CPU.ActiveCfg = Debug|Any CPU
		{31F45EB6-DF96-40EB-8C99-CFB63FF2BA0C}.Debug|Any CPU.Build.0 = Debug|Any CPU
		{31F45EB6-DF96-40EB-8C99-CFB63FF2BA0C}.Release|Any CPU.ActiveCfg = Release|Any CPU
		{31F45EB6-DF96-40EB-8C99-CFB63FF2BA0C}.Release|Any CPU.Build.0 = Release|Any CPU
		{13824992-5F61-4C23-9E76-63C6CA6DB4A5}.Debug|Any CPU.ActiveCfg = Debug|Any CPU
		{13824992-5F61-4C23-9E76-63C6CA6DB4A5}.Debug|Any CPU.Build.0 = Debug|Any CPU
		{13824992-5F61-4C23-9E76-63C6CA6DB4A5}.Release|Any CPU.ActiveCfg = Release|Any CPU
		{13824992-5F61-4C23-9E76-63C6CA6DB4A5}.Release|Any CPU.Build.0 = Release|Any CPU
	EndGlobalSection
	GlobalSection(SolutionProperties) = preSolution
		HideSolutionNode = FALSE
	EndGlobalSection
	GlobalSection(NestedProjects) = preSolution
		{DD11E9B5-2937-4224-8C83-80CDC02393BC} = {173F0F11-A7B1-4C8E-B00F-C59E3779145D}
		{EAA4C52B-A0FC-47A3-AD88-17151025C007} = {173F0F11-A7B1-4C8E-B00F-C59E3779145D}
		{746187F8-A077-467F-A9F0-58B9114D8A4E} = {173F0F11-A7B1-4C8E-B00F-C59E3779145D}
		{2768D827-B3FA-448B-BE4B-5164A0AE99A1} = {5DC4891E-65A2-4203-9597-F40A4BAF63A8}
		{0B02C189-DAF5-426D-94C2-3FDCE76394D0} = {5DC4891E-65A2-4203-9597-F40A4BAF63A8}
		{B11802B3-36CA-40A0-BAA5-10D2876A6C9A} = {5DC4891E-65A2-4203-9597-F40A4BAF63A8}
		{DDCAAF36-DD71-47E2-B86C-FB1CAC4DD62B} = {5B52D8AB-7B3C-4494-98F5-45599F21B843}
		{DD4911A3-DADC-4179-B2C4-21A44EDE2EF1} = {5B52D8AB-7B3C-4494-98F5-45599F21B843}
		{D81DDA66-1E8B-49BA-882A-2C2D5A6AF2D2} = {5B52D8AB-7B3C-4494-98F5-45599F21B843}
		{B079A980-6BB9-438F-B80A-CD8A93E93832} = {9EEA8738-BF61-4C08-BC0C-4527E2F59F2B}
		{31F45EB6-DF96-40EB-8C99-CFB63FF2BA0C} = {9EEA8738-BF61-4C08-BC0C-4527E2F59F2B}
		{13824992-5F61-4C23-9E76-63C6CA6DB4A5} = {9EEA8738-BF61-4C08-BC0C-4527E2F59F2B}
	EndGlobalSection
	GlobalSection(ExtensibilityGlobals) = postSolution
		SolutionGuid = {03741A5A-418E-4CB5-AC95-9C05FB5987EE}
	EndGlobalSection
EndGlobal
